
Microsoft Visual Studio Solution File, Format Version 12.00
# Visual Studio Version 17
VisualStudioVersion = 17.7.34202.233
MinimumVisualStudioVersion = 10.0.40219.1
Project("{FAE04EC0-301F-11D3-BF4B-00C04F79EFBC}") = "Homework_03_Tougher_04", "Homework_03_Tougher_04\Homework_03_Tougher_04.csproj", "{5FC5E50A-A6DC-49E2-AE88-9FA1A9B35983}"
EndProject
Global
	GlobalSection(SolutionConfigurationPlatforms) = preSolution
		Debug|Any CPU = Debug|Any CPU
		Release|Any CPU = Release|Any CPU
	EndGlobalSection
	GlobalSection(ProjectConfigurationPlatforms) = postSolution
		{5FC5E50A-A6DC-49E2-AE88-9FA1A9B35983}.Debug|Any CPU.ActiveCfg = Debug|Any CPU
		{5FC5E50A-A6DC-49E2-AE88-9FA1A9B35983}.Debug|Any CPU.Build.0 = Debug|Any CPU
		{5FC5E50A-A6DC-49E2-AE88-9FA1A9B35983}.Release|Any CPU.ActiveCfg = Release|Any CPU
		{5FC5E50A-A6DC-49E2-AE88-9FA1A9B35983}.Release|Any CPU.Build.0 = Release|Any CPU
	EndGlobalSection
	GlobalSection(SolutionProperties) = preSolution
		HideSolutionNode = FALSE
	EndGlobalSection
	GlobalSection(ExtensibilityGlobals) = postSolution
		SolutionGuid = {F3B80EDF-7045-4E93-AE96-FAEAF9DBEB15}
	EndGlobalSection
EndGlobal
